
Microsoft Visual Studio Solution File, Format Version 12.00
# Visual Studio 14
VisualStudioVersion = 14.0.25420.1
MinimumVisualStudioVersion = 10.0.40219.1
Project("{FAE04EC0-301F-11D3-BF4B-00C04F79EFBC}") = "TfsTool", "TfsTest\TfsTool.csproj", "{8ED134EE-9E04-4B90-8B5D-99967EE81886}"
EndProject
Project("{FAE04EC0-301F-11D3-BF4B-00C04F79EFBC}") = "TfsToolsLib", "TfsToolsLib\TfsToolsLib.csproj", "{AB638DA1-ABED-45FC-B747-A5C7873E80BB}"
EndProject
Global
	GlobalSection(SolutionConfigurationPlatforms) = preSolution
		Debug|Any CPU = Debug|Any CPU
		Release|Any CPU = Release|Any CPU
	EndGlobalSection
	GlobalSection(ProjectConfigurationPlatforms) = postSolution
		{8ED134EE-9E04-4B90-8B5D-99967EE81886}.Debug|Any CPU.ActiveCfg = Debug|Any CPU
		{8ED134EE-9E04-4B90-8B5D-99967EE81886}.Debug|Any CPU.Build.0 = Debug|Any CPU
		{8ED134EE-9E04-4B90-8B5D-99967EE81886}.Release|Any CPU.ActiveCfg = Release|Any CPU
		{8ED134EE-9E04-4B90-8B5D-99967EE81886}.Release|Any CPU.Build.0 = Release|Any CPU
		{AB638DA1-ABED-45FC-B747-A5C7873E80BB}.Debug|Any CPU.ActiveCfg = Debug|Any CPU
		{AB638DA1-ABED-45FC-B747-A5C7873E80BB}.Debug|Any CPU.Build.0 = Debug|Any CPU
		{AB638DA1-ABED-45FC-B747-A5C7873E80BB}.Release|Any CPU.ActiveCfg = Release|Any CPU
		{AB638DA1-ABED-45FC-B747-A5C7873E80BB}.Release|Any CPU.Build.0 = Release|Any CPU
	EndGlobalSection
	GlobalSection(SolutionProperties) = preSolution
		HideSolutionNode = FALSE
	EndGlobalSection
EndGlobal
